
Microsoft Visual Studio Solution File, Format Version 12.00
# Visual Studio 2012
Project("{FAE04EC0-301F-11D3-BF4B-00C04F79EFBC}") = "Clide.Sdk", "Clide.Sdk\Clide.Sdk.csproj", "{6B5ECF85-D55D-4EA5-8840-4DE690A90F3A}"
EndProject
Project("{2150E333-8FDC-42A3-9474-1A3956D46DE8}") = "Solution Items", "Solution Items", "{7F62A9CB-8974-4ABB-8BEF-F23012C4F440}"
	ProjectSection(SolutionItems) = preProject
		Toolkit.guidancestate = Toolkit.guidancestate
		Toolkit.slnbldr = Toolkit.slnbldr
	EndProjectSection
EndProject
Project("{FAE04EC0-301F-11D3-BF4B-00C04F79EFBC}") = "Clide.Sdk.Automation", "Clide.Sdk.Automation\Clide.Sdk.Automation.csproj", "{833915FC-2263-429D-B009-73BBBF25815D}"
EndProject
Global
	GlobalSection(SolutionConfigurationPlatforms) = preSolution
		Debug|Any CPU = Debug|Any CPU
		Release|Any CPU = Release|Any CPU
	EndGlobalSection
	GlobalSection(ProjectConfigurationPlatforms) = postSolution
		{6B5ECF85-D55D-4EA5-8840-4DE690A90F3A}.Debug|Any CPU.ActiveCfg = Debug|Any CPU
		{6B5ECF85-D55D-4EA5-8840-4DE690A90F3A}.Debug|Any CPU.Build.0 = Debug|Any CPU
		{6B5ECF85-D55D-4EA5-8840-4DE690A90F3A}.Release|Any CPU.ActiveCfg = Release|Any CPU
		{6B5ECF85-D55D-4EA5-8840-4DE690A90F3A}.Release|Any CPU.Build.0 = Release|Any CPU
		{833915FC-2263-429D-B009-73BBBF25815D}.Debug|Any CPU.ActiveCfg = Debug|Any CPU
		{833915FC-2263-429D-B009-73BBBF25815D}.Debug|Any CPU.Build.0 = Debug|Any CPU
		{833915FC-2263-429D-B009-73BBBF25815D}.Release|Any CPU.ActiveCfg = Release|Any CPU
		{833915FC-2263-429D-B009-73BBBF25815D}.Release|Any CPU.Build.0 = Release|Any CPU
	EndGlobalSection
	GlobalSection(SolutionProperties) = preSolution
		HideSolutionNode = FALSE
	EndGlobalSection
	GlobalSection(ExtensibilityGlobals) = postSolution
		GuidanceWorkflows = 9f6dc301-6f66-4d21-9f9c-b37412b162f6:Creating Pattern Toolkits:1.3.21.0
	EndGlobalSection
EndGlobal
